
Microsoft Visual Studio Solution File, Format Version 12.00
# Visual Studio Version 16
VisualStudioVersion = 16.0.30011.22
MinimumVisualStudioVersion = 10.0.40219.1
Project("{9A19103F-16F7-4668-BE54-9A1E7A4F7556}") = "Last-Realm-Server", "Last-Realm-Server.csproj", "{0987DDCB-6A0F-47A4-AD61-FDD27E906C68}"
EndProject
Project("{FAE04EC0-301F-11D3-BF4B-00C04F79EFBC}") = "TerrainGen", "..\TerrainGen\TerrainGen.csproj", "{3F1EF5BD-58FE-4B10-B777-C081936FC4B2}"
EndProject
Project("{FAE04EC0-301F-11D3-BF4B-00C04F79EFBC}") = "testPRoj", "..\testPRoj\testPRoj.csproj", "{CE342655-BD70-4A0E-A7F8-5E206F4A7CFC}"
EndProject
Global
	GlobalSection(SolutionConfigurationPlatforms) = preSolution
		Debug|Any CPU = Debug|Any CPU
		Release|Any CPU = Release|Any CPU
	EndGlobalSection
	GlobalSection(ProjectConfigurationPlatforms) = postSolution
		{0987DDCB-6A0F-47A4-AD61-FDD27E906C68}.Debug|Any CPU.ActiveCfg = Debug|Any CPU
		{0987DDCB-6A0F-47A4-AD61-FDD27E906C68}.Debug|Any CPU.Build.0 = Debug|Any CPU
		{0987DDCB-6A0F-47A4-AD61-FDD27E906C68}.Release|Any CPU.ActiveCfg = Release|Any CPU
		{0987DDCB-6A0F-47A4-AD61-FDD27E906C68}.Release|Any CPU.Build.0 = Release|Any CPU
		{3F1EF5BD-58FE-4B10-B777-C081936FC4B2}.Debug|Any CPU.ActiveCfg = Debug|Any CPU
		{3F1EF5BD-58FE-4B10-B777-C081936FC4B2}.Debug|Any CPU.Build.0 = Debug|Any CPU
		{3F1EF5BD-58FE-4B10-B777-C081936FC4B2}.Release|Any CPU.ActiveCfg = Release|Any CPU
		{3F1EF5BD-58FE-4B10-B777-C081936FC4B2}.Release|Any CPU.Build.0 = Release|Any CPU
		{CE342655-BD70-4A0E-A7F8-5E206F4A7CFC}.Debug|Any CPU.ActiveCfg = Debug|Any CPU
		{CE342655-BD70-4A0E-A7F8-5E206F4A7CFC}.Debug|Any CPU.Build.0 = Debug|Any CPU
		{CE342655-BD70-4A0E-A7F8-5E206F4A7CFC}.Release|Any CPU.ActiveCfg = Release|Any CPU
		{CE342655-BD70-4A0E-A7F8-5E206F4A7CFC}.Release|Any CPU.Build.0 = Release|Any CPU
	EndGlobalSection
	GlobalSection(SolutionProperties) = preSolution
		HideSolutionNode = FALSE
	EndGlobalSection
	GlobalSection(ExtensibilityGlobals) = postSolution
		SolutionGuid = {137B020C-028E-496E-8D75-1B0993035C5E}
	EndGlobalSection
EndGlobal
